{
  "name": "zlux-app-server",
  "version": "1.0.0",
  "lockfileVersion": 3,
  "requires": true,
  "packages": {
    "": {
      "name": "zlux-app-server",
      "version": "1.0.0",
      "dependencies": {
        "zlux-server-framework": "file:../zlux-server-framework"
      }
    },
    "../zlux-server-framework": {},
    "node_modules/zlux-server-framework": {
      "resolved": "../zlux-server-framework",
      "link": true
    }
  }
}
